Microsoft Visual Studio Solution File, Format Version 12.00
# Visual Studio Version 17
VisualStudioVersion = 17.5.2.0
MinimumVisualStudioVersion = 10.0.40219.1
Project("{FAE04EC0-301F-11D3-BF4B-00C04F79EFBC}") = "oppgave", "oppgave\oppgave.csproj", "{37587242-9560-CFD2-E5D2-0CDF3A1A5F79}"
EndProject
Global
	GlobalSection(SolutionConfigurationPlatforms) = preSolution
		Debug|Any CPU = Debug|Any CPU
		Release|Any CPU = Release|Any CPU
	EndGlobalSection
	GlobalSection(ProjectConfigurationPlatforms) = postSolution
		{37587242-9560-CFD2-E5D2-0CDF3A1A5F79}.Debug|Any CPU.ActiveCfg = Debug|Any CPU
		{37587242-9560-CFD2-E5D2-0CDF3A1A5F79}.Debug|Any CPU.Build.0 = Debug|Any CPU
		{37587242-9560-CFD2-E5D2-0CDF3A1A5F79}.Release|Any CPU.ActiveCfg = Release|Any CPU
		{37587242-9560-CFD2-E5D2-0CDF3A1A5F79}.Release|Any CPU.Build.0 = Release|Any CPU
	EndGlobalSection
	GlobalSection(SolutionProperties) = preSolution
		HideSolutionNode = FALSE
	EndGlobalSection
	GlobalSection(ExtensibilityGlobals) = postSolution
		SolutionGuid = {AF8B93B8-1B8F-4756-910D-ABDD6D992128}
	EndGlobalSection
EndGlobal
